
Microsoft Visual Studio Solution File, Format Version 12.00
# Visual Studio Version 16
VisualStudioVersion = 16.0.31515.178
MinimumVisualStudioVersion = 10.0.40219.1
Project("{FAE04EC0-301F-11D3-BF4B-00C04F79EFBC}") = "BiosculpterAcceleration", "BiosculpterAcceleration\BiosculpterAcceleration.csproj", "{9C75F111-28CC-4DB1-96A1-BB3E60ED3526}"
EndProject
Project("{FAE04EC0-301F-11D3-BF4B-00C04F79EFBC}") = "Module_FasterBioPod", "Module_FasterBioPod\Module_FasterBioPod.csproj", "{69E1101A-E47F-416C-B111-977D5D0B7001}"
EndProject
Global
	GlobalSection(SolutionConfigurationPlatforms) = preSolution
		Debug|Any CPU = Debug|Any CPU
		Release|Any CPU = Release|Any CPU
	EndGlobalSection
	GlobalSection(ProjectConfigurationPlatforms) = postSolution
		{9C75F111-28CC-4DB1-96A1-BB3E60ED3526}.Debug|Any CPU.ActiveCfg = Debug|Any CPU
		{9C75F111-28CC-4DB1-96A1-BB3E60ED3526}.Debug|Any CPU.Build.0 = Debug|Any CPU
		{9C75F111-28CC-4DB1-96A1-BB3E60ED3526}.Release|Any CPU.ActiveCfg = Release|Any CPU
		{9C75F111-28CC-4DB1-96A1-BB3E60ED3526}.Release|Any CPU.Build.0 = Release|Any CPU
		{69E1101A-E47F-416C-B111-977D5D0B7001}.Debug|Any CPU.ActiveCfg = Debug|Any CPU
		{69E1101A-E47F-416C-B111-977D5D0B7001}.Debug|Any CPU.Build.0 = Debug|Any CPU
		{69E1101A-E47F-416C-B111-977D5D0B7001}.Release|Any CPU.ActiveCfg = Release|Any CPU
		{69E1101A-E47F-416C-B111-977D5D0B7001}.Release|Any CPU.Build.0 = Release|Any CPU
	EndGlobalSection
	GlobalSection(SolutionProperties) = preSolution
		HideSolutionNode = FALSE
	EndGlobalSection
	GlobalSection(ExtensibilityGlobals) = postSolution
		SolutionGuid = {D1A2931F-87C5-42B9-96CE-AE7ECCFBD64E}
	EndGlobalSection
EndGlobal
